
Microsoft Visual Studio Solution File, Format Version 12.00
# Visual Studio 15
VisualStudioVersion = 15.0.27004.2002
MinimumVisualStudioVersion = 10.0.40219.1
Project("{8BC9CEB8-8B4A-11D0-8D11-00A0C91BC942}") = "PE_File_Edit", "PE_File_Edit\PE_File_Edit.vcxproj", "{0700A0C1-4AA5-4A05-8039-C42F8A7A312B}"
EndProject
Project("{8BC9CEB8-8B4A-11D0-8D11-00A0C91BC942}") = "Test", "Test\Test.vcxproj", "{69EB78EB-D8E9-4A03-8D91-94BD915D09BB}"
EndProject
Project("{8BC9CEB8-8B4A-11D0-8D11-00A0C91BC942}") = "TestDll", "TestDll\TestDll.vcxproj", "{1255795B-98CB-4B11-B9C4-04D1464C79C8}"
EndProject
Global
	GlobalSection(SolutionConfigurationPlatforms) = preSolution
		Debug|x64 = Debug|x64
		Debug|x86 = Debug|x86
		Release|x64 = Release|x64
		Release|x86 = Release|x86
	EndGlobalSection
	GlobalSection(ProjectConfigurationPlatforms) = postSolution
		{0700A0C1-4AA5-4A05-8039-C42F8A7A312B}.Debug|x64.ActiveCfg = Debug|x64
		{0700A0C1-4AA5-4A05-8039-C42F8A7A312B}.Debug|x64.Build.0 = Debug|x64
		{0700A0C1-4AA5-4A05-8039-C42F8A7A312B}.Debug|x86.ActiveCfg = Debug|Win32
		{0700A0C1-4AA5-4A05-8039-C42F8A7A312B}.Debug|x86.Build.0 = Debug|Win32
		{0700A0C1-4AA5-4A05-8039-C42F8A7A312B}.Release|x64.ActiveCfg = Release|x64
		{0700A0C1-4AA5-4A05-8039-C42F8A7A312B}.Release|x64.Build.0 = Release|x64
		{0700A0C1-4AA5-4A05-8039-C42F8A7A312B}.Release|x86.ActiveCfg = Release|Win32
		{0700A0C1-4AA5-4A05-8039-C42F8A7A312B}.Release|x86.Build.0 = Release|Win32
		{69EB78EB-D8E9-4A03-8D91-94BD915D09BB}.Debug|x64.ActiveCfg = Debug|x64
		{69EB78EB-D8E9-4A03-8D91-94BD915D09BB}.Debug|x64.Build.0 = Debug|x64
		{69EB78EB-D8E9-4A03-8D91-94BD915D09BB}.Debug|x86.ActiveCfg = Debug|Win32
		{69EB78EB-D8E9-4A03-8D91-94BD915D09BB}.Debug|x86.Build.0 = Debug|Win32
		{69EB78EB-D8E9-4A03-8D91-94BD915D09BB}.Release|x64.ActiveCfg = Release|x64
		{69EB78EB-D8E9-4A03-8D91-94BD915D09BB}.Release|x64.Build.0 = Release|x64
		{69EB78EB-D8E9-4A03-8D91-94BD915D09BB}.Release|x86.ActiveCfg = Release|Win32
		{69EB78EB-D8E9-4A03-8D91-94BD915D09BB}.Release|x86.Build.0 = Release|Win32
		{1255795B-98CB-4B11-B9C4-04D1464C79C8}.Debug|x64.ActiveCfg = Debug|x64
		{1255795B-98CB-4B11-B9C4-04D1464C79C8}.Debug|x64.Build.0 = Debug|x64
		{1255795B-98CB-4B11-B9C4-04D1464C79C8}.Debug|x86.ActiveCfg = Debug|Win32
		{1255795B-98CB-4B11-B9C4-04D1464C79C8}.Debug|x86.Build.0 = Debug|Win32
		{1255795B-98CB-4B11-B9C4-04D1464C79C8}.Release|x64.ActiveCfg = Release|x64
		{1255795B-98CB-4B11-B9C4-04D1464C79C8}.Release|x64.Build.0 = Release|x64
		{1255795B-98CB-4B11-B9C4-04D1464C79C8}.Release|x86.ActiveCfg = Release|Win32
		{1255795B-98CB-4B11-B9C4-04D1464C79C8}.Release|x86.Build.0 = Release|Win32
	EndGlobalSection
	GlobalSection(SolutionProperties) = preSolution
		HideSolutionNode = FALSE
	EndGlobalSection
	GlobalSection(ExtensibilityGlobals) = postSolution
		SolutionGuid = {94AABE4A-4A54-4423-8D6C-DC7EF20CA28A}
	EndGlobalSection
EndGlobal
